
Microsoft Visual Studio Solution File, Format Version 12.00
# Visual Studio 15
VisualStudioVersion = 15.0.26124.0
MinimumVisualStudioVersion = 15.0.26124.0
Project("{FAE04EC0-301F-11D3-BF4B-00C04F79EFBC}") = "Domain", "Domain\Domain.csproj", "{889CF167-13E9-43B1-B57A-93462B3CAF94}"
EndProject
Project("{FAE04EC0-301F-11D3-BF4B-00C04F79EFBC}") = "Application", "Application\Application.csproj", "{FC5F3395-F73C-4662-8155-F9F45D71DBF4}"
EndProject
Project("{FAE04EC0-301F-11D3-BF4B-00C04F79EFBC}") = "Persistence", "Persistence\Persistence.csproj", "{0B5F2756-8A7D-41C2-B58C-5A4E0800F518}"
EndProject
Project("{FAE04EC0-301F-11D3-BF4B-00C04F79EFBC}") = "API", "API\API.csproj", "{A51E92EC-9B1C-4E77-9BE4-8AA5D998AC28}"
EndProject
Global
	GlobalSection(SolutionConfigurationPlatforms) = preSolution
		Debug|Any CPU = Debug|Any CPU
		Debug|x64 = Debug|x64
		Debug|x86 = Debug|x86
		Release|Any CPU = Release|Any CPU
		Release|x64 = Release|x64
		Release|x86 = Release|x86
	EndGlobalSection
	GlobalSection(SolutionProperties) = preSolution
		HideSolutionNode = FALSE
	EndGlobalSection
	GlobalSection(ProjectConfigurationPlatforms) = postSolution
		{889CF167-13E9-43B1-B57A-93462B3CAF94}.Debug|Any CPU.ActiveCfg = Debug|Any CPU
		{889CF167-13E9-43B1-B57A-93462B3CAF94}.Debug|Any CPU.Build.0 = Debug|Any CPU
		{889CF167-13E9-43B1-B57A-93462B3CAF94}.Debug|x64.ActiveCfg = Debug|Any CPU
		{889CF167-13E9-43B1-B57A-93462B3CAF94}.Debug|x64.Build.0 = Debug|Any CPU
		{889CF167-13E9-43B1-B57A-93462B3CAF94}.Debug|x86.ActiveCfg = Debug|Any CPU
		{889CF167-13E9-43B1-B57A-93462B3CAF94}.Debug|x86.Build.0 = Debug|Any CPU
		{889CF167-13E9-43B1-B57A-93462B3CAF94}.Release|Any CPU.ActiveCfg = Release|Any CPU
		{889CF167-13E9-43B1-B57A-93462B3CAF94}.Release|Any CPU.Build.0 = Release|Any CPU
		{889CF167-13E9-43B1-B57A-93462B3CAF94}.Release|x64.ActiveCfg = Release|Any CPU
		{889CF167-13E9-43B1-B57A-93462B3CAF94}.Release|x64.Build.0 = Release|Any CPU
		{889CF167-13E9-43B1-B57A-93462B3CAF94}.Release|x86.ActiveCfg = Release|Any CPU
		{889CF167-13E9-43B1-B57A-93462B3CAF94}.Release|x86.Build.0 = Release|Any CPU
		{FC5F3395-F73C-4662-8155-F9F45D71DBF4}.Debug|Any CPU.ActiveCfg = Debug|Any CPU
		{FC5F3395-F73C-4662-8155-F9F45D71DBF4}.Debug|Any CPU.Build.0 = Debug|Any CPU
		{FC5F3395-F73C-4662-8155-F9F45D71DBF4}.Debug|x64.ActiveCfg = Debug|Any CPU
		{FC5F3395-F73C-4662-8155-F9F45D71DBF4}.Debug|x64.Build.0 = Debug|Any CPU
		{FC5F3395-F73C-4662-8155-F9F45D71DBF4}.Debug|x86.ActiveCfg = Debug|Any CPU
		{FC5F3395-F73C-4662-8155-F9F45D71DBF4}.Debug|x86.Build.0 = Debug|Any CPU
		{FC5F3395-F73C-4662-8155-F9F45D71DBF4}.Release|Any CPU.ActiveCfg = Release|Any CPU
		{FC5F3395-F73C-4662-8155-F9F45D71DBF4}.Release|Any CPU.Build.0 = Release|Any CPU
		{FC5F3395-F73C-4662-8155-F9F45D71DBF4}.Release|x64.ActiveCfg = Release|Any CPU
		{FC5F3395-F73C-4662-8155-F9F45D71DBF4}.Release|x64.Build.0 = Release|Any CPU
		{FC5F3395-F73C-4662-8155-F9F45D71DBF4}.Release|x86.ActiveCfg = Release|Any CPU
		{FC5F3395-F73C-4662-8155-F9F45D71DBF4}.Release|x86.Build.0 = Release|Any CPU
		{0B5F2756-8A7D-41C2-B58C-5A4E0800F518}.Debug|Any CPU.ActiveCfg = Debug|Any CPU
		{0B5F2756-8A7D-41C2-B58C-5A4E0800F518}.Debug|Any CPU.Build.0 = Debug|Any CPU
		{0B5F2756-8A7D-41C2-B58C-5A4E0800F518}.Debug|x64.ActiveCfg = Debug|Any CPU
		{0B5F2756-8A7D-41C2-B58C-5A4E0800F518}.Debug|x64.Build.0 = Debug|Any CPU
		{0B5F2756-8A7D-41C2-B58C-5A4E0800F518}.Debug|x86.ActiveCfg = Debug|Any CPU
		{0B5F2756-8A7D-41C2-B58C-5A4E0800F518}.Debug|x86.Build.0 = Debug|Any CPU
		{0B5F2756-8A7D-41C2-B58C-5A4E0800F518}.Release|Any CPU.ActiveCfg = Release|Any CPU
		{0B5F2756-8A7D-41C2-B58C-5A4E0800F518}.Release|Any CPU.Build.0 = Release|Any CPU
		{0B5F2756-8A7D-41C2-B58C-5A4E0800F518}.Release|x64.ActiveCfg = Release|Any CPU
		{0B5F2756-8A7D-41C2-B58C-5A4E0800F518}.Release|x64.Build.0 = Release|Any CPU
		{0B5F2756-8A7D-41C2-B58C-5A4E0800F518}.Release|x86.ActiveCfg = Release|Any CPU
		{0B5F2756-8A7D-41C2-B58C-5A4E0800F518}.Release|x86.Build.0 = Release|Any CPU
		{A51E92EC-9B1C-4E77-9BE4-8AA5D998AC28}.Debug|Any CPU.ActiveCfg = Debug|Any CPU
		{A51E92EC-9B1C-4E77-9BE4-8AA5D998AC28}.Debug|Any CPU.Build.0 = Debug|Any CPU
		{A51E92EC-9B1C-4E77-9BE4-8AA5D998AC28}.Debug|x64.ActiveCfg = Debug|Any CPU
		{A51E92EC-9B1C-4E77-9BE4-8AA5D998AC28}.Debug|x64.Build.0 = Debug|Any CPU
		{A51E92EC-9B1C-4E77-9BE4-8AA5D998AC28}.Debug|x86.ActiveCfg = Debug|Any CPU
		{A51E92EC-9B1C-4E77-9BE4-8AA5D998AC28}.Debug|x86.Build.0 = Debug|Any CPU
		{A51E92EC-9B1C-4E77-9BE4-8AA5D998AC28}.Release|Any CPU.ActiveCfg = Release|Any CPU
		{A51E92EC-9B1C-4E77-9BE4-8AA5D998AC28}.Release|Any CPU.Build.0 = Release|Any CPU
		{A51E92EC-9B1C-4E77-9BE4-8AA5D998AC28}.Release|x64.ActiveCfg = Release|Any CPU
		{A51E92EC-9B1C-4E77-9BE4-8AA5D998AC28}.Release|x64.Build.0 = Release|Any CPU
		{A51E92EC-9B1C-4E77-9BE4-8AA5D998AC28}.Release|x86.ActiveCfg = Release|Any CPU
		{A51E92EC-9B1C-4E77-9BE4-8AA5D998AC28}.Release|x86.Build.0 = Release|Any CPU
	EndGlobalSection
EndGlobal
